
Microsoft Visual Studio Solution File, Format Version 11.00
# Visual Studio 2010
Project("{FAE04EC0-301F-11D3-BF4B-00C04F79EFBC}") = "RESCUE", "Assembly-CSharp.csproj", "{7A8F66E2-BB2A-D13A-CDDE-2475DE1D1519}"
EndProject
Project("{FAE04EC0-301F-11D3-BF4B-00C04F79EFBC}") = "RESCUE", "Assembly-CSharp-Editor.csproj", "{30A2CB7E-4937-624A-1670-823E0A9522B1}"
EndProject
Global
	GlobalSection(SolutionConfigurationPlatforms) = preSolution
		Debug|Any CPU = Debug|Any CPU
		Release|Any CPU = Release|Any CPU
	EndGlobalSection
	GlobalSection(ProjectConfigurationPlatforms) = postSolution
		{7A8F66E2-BB2A-D13A-CDDE-2475DE1D1519}.Debug|Any CPU.ActiveCfg = Debug|Any CPU
		{7A8F66E2-BB2A-D13A-CDDE-2475DE1D1519}.Debug|Any CPU.Build.0 = Debug|Any CPU
		{7A8F66E2-BB2A-D13A-CDDE-2475DE1D1519}.Release|Any CPU.ActiveCfg = Release|Any CPU
		{7A8F66E2-BB2A-D13A-CDDE-2475DE1D1519}.Release|Any CPU.Build.0 = Release|Any CPU
		{30A2CB7E-4937-624A-1670-823E0A9522B1}.Debug|Any CPU.ActiveCfg = Debug|Any CPU
		{30A2CB7E-4937-624A-1670-823E0A9522B1}.Debug|Any CPU.Build.0 = Debug|Any CPU
		{30A2CB7E-4937-624A-1670-823E0A9522B1}.Release|Any CPU.ActiveCfg = Release|Any CPU
		{30A2CB7E-4937-624A-1670-823E0A9522B1}.Release|Any CPU.Build.0 = Release|Any CPU
	EndGlobalSection
	GlobalSection(SolutionProperties) = preSolution
		HideSolutionNode = FALSE
	EndGlobalSection
	GlobalSection(MonoDevelopProperties) = preSolution
		StartupItem = Assembly-CSharp.csproj
	EndGlobalSection
EndGlobal
